{
  "requires": true,
  "lockfileVersion": 1,
  "dependencies": {
    "leap-year": {
      "version": "3.0.0",
      "resolved": "https://registry.npmjs.org/leap-year/-/leap-year-3.0.0.tgz",
      "integrity": "sha512-KgQUprWJZE7OuNAZBWM0hPT87jT/05/FrzhjfzxogkvlOIXhg6qX09iggroh5sP5pIDDZbcD7zTeq3BkDVAp6Q=="
    }
  }
}
